// !$*UTF8*$!
{
	archiveVersion = 1;
	classes = {
	};
	objectVersion = 46;
	objects = {

/* Begin PBXBuildFile section */
		ACBBF25B1A81711E00921A3B /* main.m in Sources */ = {isa = PBXBuildFile; fileRef = ACBBF25A1A81711E00921A3B /* main.m */; };
		ACBBF25E1A81711E00921A3B /* AppDelegate.m in Sources */ = {isa = PBXBuildFile; fileRef = ACBBF25D1A81711E00921A3B /* AppDelegate.m */; };
		ACBBF2611A81711E00921A3B /* ViewController.m in Sources */ = {isa = PBXBuildFile; fileRef = ACBBF2601A81711E00921A3B /* ViewController.m */; };
		ACBBF2641A81711E00921A3B /* Main.storyboard in Resources */ = {isa = PBXBuildFile; fileRef = ACBBF2621A81711E00921A3B /* Main.storyboard */; };
		ACBBF2661A81711E00921A3B /* Images.xcassets in Resources */ = {isa = PBXBuildFile; fileRef = ACBBF2651A81711E00921A3B /* Images.xcassets */; };
		ACBBF2691A81711E00921A3B /* LaunchScreen.xib in Resources */ = {isa = PBXBuildFile; fileRef = ACBBF2671A81711E00921A3B /* LaunchScreen.xib */; };
		ACBBF2751A81711E00921A3B /* AlcoholTaxRebirthTests.m in Sources */ = {isa = PBXBuildFile; fileRef = ACBBF2741A81711E00921A3B /* AlcoholTaxRebirthTests.m */; };
/* End PBXBuildFile section */

/* Begin PBXContainerItemProxy section */
		ACBBF26F1A81711E00921A3B /* PBXContainerItemProxy */ = {
			isa = PBXContainerItemProxy;
			containerPortal = ACBBF24D1A81711D00921A3B /* Project object */;
			proxyType = 1;
			remoteGlobalIDString = ACBBF2541A81711E00921A3B;
			remoteInfo = AlcoholTaxRebirth;
		};
/* End PBXContainerItemProxy section */

/* Begin PBXFileReference section */
		ACBBF2551A81711E00921A3B /* AlcoholTaxRebirth.app */ = {isa = PBXFileReference; explicitFileType = wrapper.application; includeInIndex = 0; path = AlcoholTaxRebirth.app; sourceTree = BUILT_PRODUCTS_DIR; };
		ACBBF2591A81711E00921A3B /* Info.plist */ = {isa = PBXFileReference; lastKnownFileType = text.plist.xml; path = Info.plist; sourceTree = "<group>"; };
		ACBBF25A1A81711E00921A3B /* main.m */ = {isa = PBXFileReference; lastKnownFileType = sourcecode.c.objc; path = main.m; sourceTree = "<group>"; };
		ACBBF25C1A81711E00921A3B /* AppDelegate.h */ = {isa = PBXFileReference; lastKnownFileType = sourcecode.c.h; path = AppDelegate.h; sourceTree = "<group>"; };
		ACBBF25D1A81711E00921A3B /* AppDelegate.m */ = {isa = PBXFileReference; lastKnownFileType = sourcecode.c.objc; path = AppDelegate.m; sourceTree = "<group>"; };
		ACBBF25F1A81711E00921A3B /* ViewController.h */ = {isa = PBXFileReference; lastKnownFileType = sourcecode.c.h; path = ViewController.h; sourceTree = "<group>"; };
		ACBBF2601A81711E00921A3B /* ViewController.m */ = {isa = PBXFileReference; lastKnownFileType = sourcecode.c.objc; path = ViewController.m; sourceTree = "<group>"; };
		ACBBF2631A81711E00921A3B /* Base */ = {isa = PBXFileReference; lastKnownFileType = file.storyboard; name = Base; path = Base.lproj/Main.storyboard; sourceTree = "<group>"; };
		ACBBF2651A81711E00921A3B /* Images.xcassets */ = {isa = PBXFileReference; lastKnownFileType = folder.assetcatalog; path = Images.xcassets; sourceTree = "<group>"; };
		ACBBF2681A81711E00921A3B /* Base */ = {isa = PBXFileReference; lastKnownFileType = file.xib; name = Base; path = Base.lproj/LaunchScreen.xib; sourceTree = "<group>"; };
		ACBBF26E1A81711E00921A3B /* AlcoholTaxRebirthTests.xctest */ = {isa = PBXFileReference; explicitFileType = wrapper.cfbundle; includeInIndex = 0; path = AlcoholTaxRebirthTests.xctest; sourceTree = BUILT_PRODUCTS_DIR; };
		ACBBF2731A81711E00921A3B /* Info.plist */ = {isa = PBXFileReference; lastKnownFileType = text.plist.xml; path = Info.plist; sourceTree = "<group>"; };
		ACBBF2741A81711E00921A3B /* AlcoholTaxRebirthTests.m */ = {isa = PBXFileReference; lastKnownFileType = sourcecode.c.objc; path = AlcoholTaxRebirthTests.m; sourceTree = "<group>"; };
/* End PBXFileReference section */

/* Begin PBXFrameworksBuildPhase section */
		ACBBF2521A81711E00921A3B /* Frameworks */ = {
			isa = PBXFrameworksBuildPhase;
			buildActionMask = 2147483647;
			files = (
			);
			runOnlyForDeploymentPostprocessing = 0;
		};
		ACBBF26B1A81711E00921A3B /* Frameworks */ = {
			isa = PBXFrameworksBuildPhase;
			buildActionMask = 2147483647;
			files = (
			);
			runOnlyForDeploymentPostprocessing = 0;
		};
/* End PBXFrameworksBuildPhase section */

/* Begin PBXGroup section */
		ACBBF24C1A81711D00921A3B = {
			isa = PBXGroup;
			children = (
				ACBBF2571A81711E00921A3B /* AlcoholTaxRebirth */,
				ACBBF2711A81711E00921A3B /* AlcoholTaxRebirthTests */,
				ACBBF2561A81711E00921A3B /* Products */,
			);
			sourceTree = "<group>";
		};
		ACBBF2561A81711E00921A3B /* Products */ = {
			isa = PBXGroup;
			children = (
				ACBBF2551A81711E00921A3B /* AlcoholTaxRebirth.app */,
				ACBBF26E1A81711E00921A3B /* AlcoholTaxRebirthTests.xctest */,
			);
			name = Products;
			sourceTree = "<group>";
		};
		ACBBF2571A81711E00921A3B /* AlcoholTaxRebirth */ = {
			isa = PBXGroup;
			children = (
				ACBBF25C1A81711E00921A3B /* AppDelegate.h */,
				ACBBF25D1A81711E00921A3B /* AppDelegate.m */,
				ACBBF25F1A81711E00921A3B /* ViewController.h */,
				ACBBF2601A81711E00921A3B /* ViewController.m */,
				ACBBF2621A81711E00921A3B /* Main.storyboard */,
				ACBBF2651A81711E00921A3B /* Images.xcassets */,
				ACBBF2671A81711E00921A3B /* LaunchScreen.xib */,
				ACBBF2581A81711E00921A3B /* Supporting Files */,
			);
			path = AlcoholTaxRebirth;
			sourceTree = "<group>";
		};
		ACBBF2581A81711E00921A3B /* Supporting Files */ = {
			isa = PBXGroup;
			children = (
				ACBBF2591A81711E00921A3B /* Info.plist */,
				ACBBF25A1A81711E00921A3B /* main.m */,
			);
			name = "Supporting Files";
			sourceTree = "<group>";
		};
		ACBBF2711A81711E00921A3B /* AlcoholTaxRebirthTests */ = {
			isa = PBXGroup;
			children = (
				ACBBF2741A81711E00921A3B /* AlcoholTaxRebirthTests.m */,
				ACBBF2721A81711E00921A3B /* Supporting Files */,
			);
			path = AlcoholTaxRebirthTests;
			sourceTree = "<group>";
		};
		ACBBF2721A81711E00921A3B /* Supporting Files */ = {
			isa = PBXGroup;
			children = (
				ACBBF2731A81711E00921A3B /* Info.plist */,
			);
			name = "Supporting Files";
			sourceTree = "<group>";
		};
/* End PBXGroup section */

/* Begin PBXNativeTarget section */
		ACBBF2541A81711E00921A3B /* AlcoholTaxRebirth */ = {
			isa = PBXNativeTarget;
			buildConfigurationList = ACBBF2781A81711E00921A3B /* Build configuration list for PBXNativeTarget "AlcoholTaxRebirth" */;
			buildPhases = (
				ACBBF2511A81711E00921A3B /* Sources */,
				ACBBF2521A81711E00921A3B /* Frameworks */,
				ACBBF2531A81711E00921A3B /* Resources */,
			);
			buildRules = (
			);
			dependencies = (
			);
			name = AlcoholTaxRebirth;
			productName = AlcoholTaxRebirth;
			productReference = ACBBF2551A81711E00921A3B /* AlcoholTaxRebirth.app */;
			productType = "com.apple.product-type.application";
		};
		ACBBF26D1A81711E00921A3B /* AlcoholTaxRebirthTests */ = {
			isa = PBXNativeTarget;
			buildConfigurationList = ACBBF27B1A81711E00921A3B /* Build configuration list for PBXNativeTarget "AlcoholTaxRebirthTests" */;
			buildPhases = (
				ACBBF26A1A81711E00921A3B /* Sources */,
				ACBBF26B1A81711E00921A3B /* Frameworks */,
				ACBBF26C1A81711E00921A3B /* Resources */,
			);
			buildRules = (
			);
			dependencies = (
				ACBBF2701A81711E00921A3B /* PBXTargetDependency */,
			);
			name = AlcoholTaxRebirthTests;
			productName = AlcoholTaxRebirthTests;
			productReference = ACBBF26E1A81711E00921A3B /* AlcoholTaxRebirthTests.xctest */;
			productType = "com.apple.product-type.bundle.unit-test";
		};
/* End PBXNativeTarget section */

/* Begin PBXProject section */
		ACBBF24D1A81711D00921A3B /* Project object */ = {
			isa = PBXProject;
			attributes = {
				LastUpgradeCheck = 0610;
				ORGANIZATIONNAME = "James Martin";
				TargetAttributes = {
					ACBBF2541A81711E00921A3B = {
						CreatedOnToolsVersion = 6.1.1;
					};
					ACBBF26D1A81711E00921A3B = {
						CreatedOnToolsVersion = 6.1.1;
						TestTargetID = ACBBF2541A81711E00921A3B;
					};
				};
			};
			buildConfigurationList = ACBBF2501A81711D00921A3B /* Build configuration list for PBXProject "AlcoholTaxRebirth" */;
			compatibilityVersion = "Xcode 3.2";
			developmentRegion = English;
			hasScannedForEncodings = 0;
			knownRegions = (
				en,
				Base,
			);
			mainGroup = ACBBF24C1A81711D00921A3B;
			productRefGroup = ACBBF2561A81711E00921A3B /* Products */;
			projectDirPath = "";
			projectRoot = "";
			targets = (
				ACBBF2541A81711E00921A3B /* AlcoholTaxRebirth */,
				ACBBF26D1A81711E00921A3B /* AlcoholTaxRebirthTests */,
			);
		};
/* End PBXProject section */

/* Begin PBXResourcesBuildPhase section */
		ACBBF2531A81711E00921A3B /* Resources */ = {
			isa = PBXResourcesBuildPhase;
			buildActionMask = 2147483647;
			files = (
				ACBBF2641A81711E00921A3B /* Main.storyboard in Resources */,
				ACBBF2691A81711E00921A3B /* LaunchScreen.xib in Resources */,
				ACBBF2661A81711E00921A3B /* Images.xcassets in Resources */,
			);
			runOnlyForDeploymentPostprocessing = 0;
		};
		ACBBF26C1A81711E00921A3B /* Resources */ = {
			isa = PBXResourcesBuildPhase;
			buildActionMask = 2147483647;
			files = (
			);
			runOnlyForDeploymentPostprocessing = 0;
		};
/* End PBXResourcesBuildPhase section */

/* Begin PBXSourcesBuildPhase section */
		ACBBF2511A81711E00921A3B /* Sources */ = {
			isa = PBXSourcesBuildPhase;
			buildActionMask = 2147483647;
			files = (
				ACBBF2611A81711E00921A3B /* ViewController.m in Sources */,
				ACBBF25E1A81711E00921A3B /* AppDelegate.m in Sources */,
				ACBBF25B1A81711E00921A3B /* main.m in Sources */,
			);
			runOnlyForDeploymentPostprocessing = 0;
		};
		ACBBF26A1A81711E00921A3B /* Sources */ = {
			isa = PBXSourcesBuildPhase;
			buildActionMask = 2147483647;
			files = (
				ACBBF2751A81711E00921A3B /* AlcoholTaxRebirthTests.m in Sources */,
			);
			runOnlyForDeploymentPostprocessing = 0;
		};
/* End PBXSourcesBuildPhase section */

/* Begin PBXTargetDependency section */
		ACBBF2701A81711E00921A3B /* PBXTargetDependency */ = {
			isa = PBXTargetDependency;
			target = ACBBF2541A81711E00921A3B /* AlcoholTaxRebirth */;
			targetProxy = ACBBF26F1A81711E00921A3B /* PBXContainerItemProxy */;
		};
/* End PBXTargetDependency section */

/* Begin PBXVariantGroup section */
		ACBBF2621A81711E00921A3B /* Main.storyboard */ = {
			isa = PBXVariantGroup;
			children = (
				ACBBF2631A81711E00921A3B /* Base */,
			);
			name = Main.storyboard;
			sourceTree = "<group>";
		};
		ACBBF2671A81711E00921A3B /* LaunchScreen.xib */ = {
			isa = PBXVariantGroup;
			children = (
				ACBBF2681A81711E00921A3B /* Base */,
			);
			name = LaunchScreen.xib;
			sourceTree = "<group>";
		};
/* End PBXVariantGroup section */

/* Begin XCBuildConfiguration section */
		ACBBF2761A81711E00921A3B /* Debug */ = {
			isa = XCBuildConfiguration;
			buildSettings = {
				ALWAYS_SEARCH_USER_PATHS = NO;
				CLANG_CXX_LANGUAGE_STANDARD = "gnu++0x";
				CLANG_CXX_LIBRARY = "libc++";
				CLANG_ENABLE_MODULES = YES;
				CLANG_ENABLE_OBJC_ARC = YES;
				CLANG_WARN_BOOL_CONVERSION = YES;
				CLANG_WARN_CONSTANT_CONVERSION = YES;
				CLANG_WARN_DIRECT_OBJC_ISA_USAGE = YES_ERROR;
				CLANG_WARN_EMPTY_BODY = YES;
				CLANG_WARN_ENUM_CONVERSION = YES;
				CLANG_WARN_INT_CONVERSION = YES;
				CLANG_WARN_OBJC_ROOT_CLASS = YES_ERROR;
				CLANG_WARN_UNREACHABLE_CODE = YES;
				CLANG_WARN__DUPLICATE_METHOD_MATCH = YES;
				"CODE_SIGN_IDENTITY[sdk=iphoneos*]" = "iPhone Developer";
				COPY_PHASE_STRIP = NO;
				ENABLE_STRICT_OBJC_MSGSEND = YES;
				GCC_C_LANGUAGE_STANDARD = gnu99;
				GCC_DYNAMIC_NO_PIC = NO;
				GCC_OPTIMIZATION_LEVEL = 0;
				GCC_PREPROCESSOR_DEFINITIONS = (
					"DEBUG=1",
					"$(inherited)",
				);
				GCC_SYMBOLS_PRIVATE_EXTERN = NO;
				GCC_WARN_64_TO_32_BIT_CONVERSION = YES;
				GCC_WARN_ABOUT_RETURN_TYPE = YES_ERROR;
				GCC_WARN_UNDECLARED_SELECTOR = YES;
				GCC_WARN_UNINITIALIZED_AUTOS = YES_AGGRESSIVE;
				GCC_WARN_UNUSED_FUNCTION = YES;
				GCC_WARN_UNUSED_VARIABLE = YES;
				IPHONEOS_DEPLOYMENT_TARGET = 8.1;
				MTL_ENABLE_DEBUG_INFO = YES;
				ONLY_ACTIVE_ARCH = YES;
				SDKROOT = iphoneos;
			};
			name = Debug;
		};
		ACBBF2771A81711E00921A3B /* Release */ = {
			isa = XCBuildConfiguration;
			buildSettings = {
				ALWAYS_SEARCH_USER_PATHS = NO;
				CLANG_CXX_LANGUAGE_STANDARD = "gnu++0x";
				CLANG_CXX_LIBRARY = "libc++";
				CLANG_ENABLE_MODULES = YES;
				CLANG_ENABLE_OBJC_ARC = YES;
				CLANG_WARN_BOOL_CONVERSION = YES;
				CLANG_WARN_CONSTANT_CONVERSION = YES;
				CLANG_WARN_DIRECT_OBJC_ISA_USAGE = YES_ERROR;
				CLANG_WARN_EMPTY_BODY = YES;
				CLANG_WARN_ENUM_CONVERSION = YES;
				CLANG_WARN_INT_CONVERSION = YES;
				CLANG_WARN_OBJC_ROOT_CLASS = YES_ERROR;
				CLANG_WARN_UNREACHABLE_CODE = YES;
				CLANG_WARN__DUPLICATE_METHOD_MATCH = YES;
				"CODE_SIGN_IDENTITY[sdk=iphoneos*]" = "iPhone Developer";
				COPY_PHASE_STRIP = YES;
				ENABLE_NS_ASSERTIONS = NO;
				ENABLE_STRICT_OBJC_MSGSEND = YES;
				GCC_C_LANGUAGE_STANDARD = gnu99;
				GCC_WARN_64_TO_32_BIT_CONVERSION = YES;
				GCC_WARN_ABOUT_RETURN_TYPE = YES_ERROR;
				GCC_WARN_UNDECLARED_SELECTOR = YES;
				GCC_WARN_UNINITIALIZED_AUTOS = YES_AGGRESSIVE;
				GCC_WARN_UNUSED_FUNCTION = YES;
				GCC_WARN_UNUSED_VARIABLE = YES;
				IPHONEOS_DEPLOYMENT_TARGET = 8.1;
				MTL_ENABLE_DEBUG_INFO = NO;
				SDKROOT = iphoneos;
				VALIDATE_PRODUCT = YES;
			};
			name = Release;
		};
		ACBBF2791A81711E00921A3B /* Debug */ = {
			isa = XCBuildConfiguration;
			buildSettings = {
				ASSETCATALOG_COMPILER_APPICON_NAME = AppIcon;
				INFOPLIST_FILE = AlcoholTaxRebirth/Info.plist;
				LD_RUNPATH_SEARCH_PATHS = "$(inherited) @executable_path/Frameworks";
				PRODUCT_NAME = "$(TARGET_NAME)";
			};
			name = Debug;
		};
		ACBBF27A1A81711E00921A3B /* Release */ = {
			isa = XCBuildConfiguration;
			buildSettings = {
				ASSETCATALOG_COMPILER_APPICON_NAME = AppIcon;
				INFOPLIST_FILE = AlcoholTaxRebirth/Info.plist;
				LD_RUNPATH_SEARCH_PATHS = "$(inherited) @executable_path/Frameworks";
				PRODUCT_NAME = "$(TARGET_NAME)";
			};
			name = Release;
		};
		ACBBF27C1A81711E00921A3B /* Debug */ = {
			isa = XCBuildConfiguration;
			buildSettings = {
				BUNDLE_LOADER = "$(TEST_HOST)";
				FRAMEWORK_SEARCH_PATHS = (
					"$(SDKROOT)/Developer/Library/Frameworks",
					"$(inherited)",
				);
				GCC_PREPROCESSOR_DEFINITIONS = (
					"DEBUG=1",
					"$(inherited)",
				);
				INFOPLIST_FILE = AlcoholTaxRebirthTests/Info.plist;
				LD_RUNPATH_SEARCH_PATHS = "$(inherited) @executable_path/Frameworks @loader_path/Frameworks";
				PRODUCT_NAME = "$(TARGET_NAME)";
				TEST_HOST = "$(BUILT_PRODUCTS_DIR)/AlcoholTaxRebirth.app/AlcoholTaxRebirth";
			};
			name = Debug;
		};
		ACBBF27D1A81711E00921A3B /* Release */ = {
			isa = XCBuildConfiguration;
			buildSettings = {
				BUNDLE_LOADER = "$(TEST_HOST)";
				FRAMEWORK_SEARCH_PATHS = (
					"$(SDKROOT)/Developer/Library/Frameworks",
					"$(inherited)",
				);
				INFOPLIST_FILE = AlcoholTaxRebirthTests/Info.plist;
				LD_RUNPATH_SEARCH_PATHS = "$(inherited) @executable_path/Frameworks @loader_path/Frameworks";
				PRODUCT_NAME = "$(TARGET_NAME)";
				TEST_HOST = "$(BUILT_PRODUCTS_DIR)/AlcoholTaxRebirth.app/AlcoholTaxRebirth";
			};
			name = Release;
		};
/* End XCBuildConfiguration section */

/* Begin XCConfigurationList section */
		ACBBF2501A81711D00921A3B /* Build configuration list for PBXProject "AlcoholTaxRebirth" */ = {
			isa = XCConfigurationList;
			buildConfigurations = (
				ACBBF2761A81711E00921A3B /* Debug */,
				ACBBF2771A81711E00921A3B /* Release */,
			);
			defaultConfigurationIsVisible = 0;
			defaultConfigurationName = Release;
		};
		ACBBF2781A81711E00921A3B /* Build configuration list for PBXNativeTarget "AlcoholTaxRebirth" */ = {
			isa = XCConfigurationList;
			buildConfigurations = (
				ACBBF2791A81711E00921A3B /* Debug */,
				ACBBF27A1A81711E00921A3B /* Release */,
			);
			defaultConfigurationIsVisible = 0;
		};
		ACBBF27B1A81711E00921A3B /* Build configuration list for PBXNativeTarget "AlcoholTaxRebirthTests" */ = {
			isa = XCConfigurationList;
			buildConfigurations = (
				ACBBF27C1A81711E00921A3B /* Debug */,
				ACBBF27D1A81711E00921A3B /* Release */,
			);
			defaultConfigurationIsVisible = 0;
		};
/* End XCConfigurationList section */
	};
	rootObject = ACBBF24D1A81711D00921A3B /* Project object */;
}
